
Microsoft Visual Studio Solution File, Format Version 12.00
# Visual Studio Version 17
VisualStudioVersion = 17.0.31903.59
MinimumVisualStudioVersion = 10.0.40219.1
Project("{FAE04EC0-301F-11D3-BF4B-00C04F79EFBC}") = "NetFlowAnalizer", "NetFlowv9\NetFlowAnalizer.csproj", "{8E1B163D-80E2-49D9-BFC4-A9A256E02EDA}"
EndProject
Project("{FAE04EC0-301F-11D3-BF4B-00C04F79EFBC}") = "NetFlowAnalizer.Core", "NetFlowv9.Core\NetFlowAnalizer.Core.csproj", "{B87FE182-0DC5-48DB-A5C5-31C0D95203A8}"
EndProject
Global
	GlobalSection(SolutionConfigurationPlatforms) = preSolution
		Debug|Any CPU = Debug|Any CPU
		Debug|x64 = Debug|x64
		Debug|x86 = Debug|x86
		Release|Any CPU = Release|Any CPU
		Release|x64 = Release|x64
		Release|x86 = Release|x86
	EndGlobalSection
	GlobalSection(ProjectConfigurationPlatforms) = postSolution
		{8E1B163D-80E2-49D9-BFC4-A9A256E02EDA}.Debug|Any CPU.ActiveCfg = Debug|Any CPU
		{8E1B163D-80E2-49D9-BFC4-A9A256E02EDA}.Debug|Any CPU.Build.0 = Debug|Any CPU
		{8E1B163D-80E2-49D9-BFC4-A9A256E02EDA}.Debug|x64.ActiveCfg = Debug|Any CPU
		{8E1B163D-80E2-49D9-BFC4-A9A256E02EDA}.Debug|x64.Build.0 = Debug|Any CPU
		{8E1B163D-80E2-49D9-BFC4-A9A256E02EDA}.Debug|x86.ActiveCfg = Debug|Any CPU
		{8E1B163D-80E2-49D9-BFC4-A9A256E02EDA}.Debug|x86.Build.0 = Debug|Any CPU
		{8E1B163D-80E2-49D9-BFC4-A9A256E02EDA}.Release|Any CPU.ActiveCfg = Release|Any CPU
		{8E1B163D-80E2-49D9-BFC4-A9A256E02EDA}.Release|Any CPU.Build.0 = Release|Any CPU
		{8E1B163D-80E2-49D9-BFC4-A9A256E02EDA}.Release|x64.ActiveCfg = Release|Any CPU
		{8E1B163D-80E2-49D9-BFC4-A9A256E02EDA}.Release|x64.Build.0 = Release|Any CPU
		{8E1B163D-80E2-49D9-BFC4-A9A256E02EDA}.Release|x86.ActiveCfg = Release|Any CPU
		{8E1B163D-80E2-49D9-BFC4-A9A256E02EDA}.Release|x86.Build.0 = Release|Any CPU
		{B87FE182-0DC5-48DB-A5C5-31C0D95203A8}.Debug|Any CPU.ActiveCfg = Debug|Any CPU
		{B87FE182-0DC5-48DB-A5C5-31C0D95203A8}.Debug|Any CPU.Build.0 = Debug|Any CPU
		{B87FE182-0DC5-48DB-A5C5-31C0D95203A8}.Debug|x64.ActiveCfg = Debug|Any CPU
		{B87FE182-0DC5-48DB-A5C5-31C0D95203A8}.Debug|x64.Build.0 = Debug|Any CPU
		{B87FE182-0DC5-48DB-A5C5-31C0D95203A8}.Debug|x86.ActiveCfg = Debug|Any CPU
		{B87FE182-0DC5-48DB-A5C5-31C0D95203A8}.Debug|x86.Build.0 = Debug|Any CPU
		{B87FE182-0DC5-48DB-A5C5-31C0D95203A8}.Release|Any CPU.ActiveCfg = Release|Any CPU
		{B87FE182-0DC5-48DB-A5C5-31C0D95203A8}.Release|Any CPU.Build.0 = Release|Any CPU
		{B87FE182-0DC5-48DB-A5C5-31C0D95203A8}.Release|x64.ActiveCfg = Release|Any CPU
		{B87FE182-0DC5-48DB-A5C5-31C0D95203A8}.Release|x64.Build.0 = Release|Any CPU
		{B87FE182-0DC5-48DB-A5C5-31C0D95203A8}.Release|x86.ActiveCfg = Release|Any CPU
		{B87FE182-0DC5-48DB-A5C5-31C0D95203A8}.Release|x86.Build.0 = Release|Any CPU
	EndGlobalSection
	GlobalSection(SolutionProperties) = preSolution
		HideSolutionNode = FALSE
	EndGlobalSection
	GlobalSection(ExtensibilityGlobals) = postSolution
		SolutionGuid = {27C5919A-CCE5-47CF-9D6F-16A364B0A070}
	EndGlobalSection
EndGlobal
